// !$*UTF8*$!
{
	archiveVersion = 1;
	classes = {
	};
	objectVersion = 46;
	objects = {

/* Begin PBXBuildFile section */
		83D306181C78A50F0056F534 /* SpriteKit.framework in Frameworks */ = {isa = PBXBuildFile; fileRef = 83D306171C78A50F0056F534 /* SpriteKit.framework */; };
		83D3061A1C78A5440056F534 /* ParallaxScene.swift in Sources */ = {isa = PBXBuildFile; fileRef = 83D306191C78A5440056F534 /* ParallaxScene.swift */; };
		83D3063E1C78ABA70056F534 /* ParallaxSprite.swift in Sources */ = {isa = PBXBuildFile; fileRef = 83D3063D1C78ABA70056F534 /* ParallaxSprite.swift */; };
		83D306401C78D1620056F534 /* ParallaxDelegate.swift in Sources */ = {isa = PBXBuildFile; fileRef = 83D3063F1C78D1620056F534 /* ParallaxDelegate.swift */; };
		83DE095B1C78A0EA002D8A8F /* AppDelegate.swift in Sources */ = {isa = PBXBuildFile; fileRef = 83DE095A1C78A0EA002D8A8F /* AppDelegate.swift */; };
		83DE095D1C78A0EA002D8A8F /* ViewController.swift in Sources */ = {isa = PBXBuildFile; fileRef = 83DE095C1C78A0EA002D8A8F /* ViewController.swift */; };
		83DE09601C78A0EA002D8A8F /* Main.storyboard in Resources */ = {isa = PBXBuildFile; fileRef = 83DE095E1C78A0EA002D8A8F /* Main.storyboard */; };
		83DE09621C78A0EA002D8A8F /* Assets.xcassets in Resources */ = {isa = PBXBuildFile; fileRef = 83DE09611C78A0EA002D8A8F /* Assets.xcassets */; };
		83DE09651C78A0EA002D8A8F /* LaunchScreen.storyboard in Resources */ = {isa = PBXBuildFile; fileRef = 83DE09631C78A0EA002D8A8F /* LaunchScreen.storyboard */; };
/* End PBXBuildFile section */

/* Begin PBXFileReference section */
		83D306171C78A50F0056F534 /* SpriteKit.framework */ = {isa = PBXFileReference; lastKnownFileType = wrapper.framework; name = SpriteKit.framework; path = System/Library/Frameworks/SpriteKit.framework; sourceTree = SDKROOT; };
		83D306191C78A5440056F534 /* ParallaxScene.swift */ = {isa = PBXFileReference; fileEncoding = 4; lastKnownFileType = sourcecode.swift; path = ParallaxScene.swift; sourceTree = "<group>"; };
		83D3063D1C78ABA70056F534 /* ParallaxSprite.swift */ = {isa = PBXFileReference; fileEncoding = 4; lastKnownFileType = sourcecode.swift; path = ParallaxSprite.swift; sourceTree = "<group>"; };
		83D3063F1C78D1620056F534 /* ParallaxDelegate.swift */ = {isa = PBXFileReference; fileEncoding = 4; lastKnownFileType = sourcecode.swift; path = ParallaxDelegate.swift; sourceTree = "<group>"; };
		83DE09571C78A0EA002D8A8F /* ParallaxBG.app */ = {isa = PBXFileReference; explicitFileType = wrapper.application; includeInIndex = 0; path = ParallaxBG.app; sourceTree = BUILT_PRODUCTS_DIR; };
		83DE095A1C78A0EA002D8A8F /* AppDelegate.swift */ = {isa = PBXFileReference; lastKnownFileType = sourcecode.swift; path = AppDelegate.swift; sourceTree = "<group>"; };
		83DE095C1C78A0EA002D8A8F /* ViewController.swift */ = {isa = PBXFileReference; lastKnownFileType = sourcecode.swift; path = ViewController.swift; sourceTree = "<group>"; };
		83DE095F1C78A0EA002D8A8F /* Base */ = {isa = PBXFileReference; lastKnownFileType = file.storyboard; name = Base; path = Base.lproj/Main.storyboard; sourceTree = "<group>"; };
		83DE09611C78A0EA002D8A8F /* Assets.xcassets */ = {isa = PBXFileReference; lastKnownFileType = folder.assetcatalog; path = Assets.xcassets; sourceTree = "<group>"; };
		83DE09641C78A0EA002D8A8F /* Base */ = {isa = PBXFileReference; lastKnownFileType = file.storyboard; name = Base; path = Base.lproj/LaunchScreen.storyboard; sourceTree = "<group>"; };
		83DE09661C78A0EA002D8A8F /* Info.plist */ = {isa = PBXFileReference; lastKnownFileType = text.plist.xml; path = Info.plist; sourceTree = "<group>"; };
/* End PBXFileReference section */

/* Begin PBXFrameworksBuildPhase section */
		83DE09541C78A0EA002D8A8F /* Frameworks */ = {
			isa = PBXFrameworksBuildPhase;
			buildActionMask = 2147483647;
			files = (
				83D306181C78A50F0056F534 /* SpriteKit.framework in Frameworks */,
			);
			runOnlyForDeploymentPostprocessing = 0;
		};
/* End PBXFrameworksBuildPhase section */

/* Begin PBXGroup section */
		83DE094E1C78A0EA002D8A8F = {
			isa = PBXGroup;
			children = (
				83D306171C78A50F0056F534 /* SpriteKit.framework */,
				83DE09591C78A0EA002D8A8F /* ParallaxBG */,
				83DE09581C78A0EA002D8A8F /* Products */,
			);
			sourceTree = "<group>";
		};
		83DE09581C78A0EA002D8A8F /* Products */ = {
			isa = PBXGroup;
			children = (
				83DE09571C78A0EA002D8A8F /* ParallaxBG.app */,
			);
			name = Products;
			sourceTree = "<group>";
		};
		83DE09591C78A0EA002D8A8F /* ParallaxBG */ = {
			isa = PBXGroup;
			children = (
				83DE096C1C78A184002D8A8F /* Assets */,
				83DE096E1C78A19C002D8A8F /* Controllers */,
				83DE096F1C78A4B0002D8A8F /* Scenes */,
				83DE096D1C78A18D002D8A8F /* Sprites */,
				83D3063F1C78D1620056F534 /* ParallaxDelegate.swift */,
				83DE095A1C78A0EA002D8A8F /* AppDelegate.swift */,
				83DE09661C78A0EA002D8A8F /* Info.plist */,
			);
			path = ParallaxBG;
			sourceTree = "<group>";
		};
		83DE096C1C78A184002D8A8F /* Assets */ = {
			isa = PBXGroup;
			children = (
				83DE09611C78A0EA002D8A8F /* Assets.xcassets */,
				83DE095E1C78A0EA002D8A8F /* Main.storyboard */,
				83DE09631C78A0EA002D8A8F /* LaunchScreen.storyboard */,
			);
			name = Assets;
			sourceTree = "<group>";
		};
		83DE096D1C78A18D002D8A8F /* Sprites */ = {
			isa = PBXGroup;
			children = (
				83D3063D1C78ABA70056F534 /* ParallaxSprite.swift */,
			);
			name = Sprites;
			sourceTree = "<group>";
		};
		83DE096E1C78A19C002D8A8F /* Controllers */ = {
			isa = PBXGroup;
			children = (
				83DE095C1C78A0EA002D8A8F /* ViewController.swift */,
			);
			name = Controllers;
			sourceTree = "<group>";
		};
		83DE096F1C78A4B0002D8A8F /* Scenes */ = {
			isa = PBXGroup;
			children = (
				83D306191C78A5440056F534 /* ParallaxScene.swift */,
			);
			name = Scenes;
			sourceTree = "<group>";
		};
/* End PBXGroup section */

/* Begin PBXNativeTarget section */
		83DE09561C78A0EA002D8A8F /* ParallaxBG */ = {
			isa = PBXNativeTarget;
			buildConfigurationList = 83DE09691C78A0EA002D8A8F /* Build configuration list for PBXNativeTarget "ParallaxBG" */;
			buildPhases = (
				83DE09531C78A0EA002D8A8F /* Sources */,
				83DE09541C78A0EA002D8A8F /* Frameworks */,
				83DE09551C78A0EA002D8A8F /* Resources */,
			);
			buildRules = (
			);
			dependencies = (
			);
			name = ParallaxBG;
			productName = ParallaxBG;
			productReference = 83DE09571C78A0EA002D8A8F /* ParallaxBG.app */;
			productType = "com.apple.product-type.application";
		};
/* End PBXNativeTarget section */

/* Begin PBXProject section */
		83DE094F1C78A0EA002D8A8F /* Project object */ = {
			isa = PBXProject;
			attributes = {
				LastSwiftUpdateCheck = 0720;
				LastUpgradeCheck = 0720;
				ORGANIZATIONNAME = 2DSquirrel;
				TargetAttributes = {
					83DE09561C78A0EA002D8A8F = {
						CreatedOnToolsVersion = 7.2.1;
						DevelopmentTeam = Q3969ADCNF;
					};
				};
			};
			buildConfigurationList = 83DE09521C78A0EA002D8A8F /* Build configuration list for PBXProject "ParallaxBG" */;
			compatibilityVersion = "Xcode 3.2";
			developmentRegion = English;
			hasScannedForEncodings = 0;
			knownRegions = (
				en,
				Base,
			);
			mainGroup = 83DE094E1C78A0EA002D8A8F;
			productRefGroup = 83DE09581C78A0EA002D8A8F /* Products */;
			projectDirPath = "";
			projectRoot = "";
			targets = (
				83DE09561C78A0EA002D8A8F /* ParallaxBG */,
			);
		};
/* End PBXProject section */

/* Begin PBXResourcesBuildPhase section */
		83DE09551C78A0EA002D8A8F /* Resources */ = {
			isa = PBXResourcesBuildPhase;
			buildActionMask = 2147483647;
			files = (
				83DE09651C78A0EA002D8A8F /* LaunchScreen.storyboard in Resources */,
				83DE09621C78A0EA002D8A8F /* Assets.xcassets in Resources */,
				83DE09601C78A0EA002D8A8F /* Main.storyboard in Resources */,
			);
			runOnlyForDeploymentPostprocessing = 0;
		};
/* End PBXResourcesBuildPhase section */

/* Begin PBXSourcesBuildPhase section */
		83DE09531C78A0EA002D8A8F /* Sources */ = {
			isa = PBXSourcesBuildPhase;
			buildActionMask = 2147483647;
			files = (
				83D306401C78D1620056F534 /* ParallaxDelegate.swift in Sources */,
				83DE095D1C78A0EA002D8A8F /* ViewController.swift in Sources */,
				83D3061A1C78A5440056F534 /* ParallaxScene.swift in Sources */,
				83DE095B1C78A0EA002D8A8F /* AppDelegate.swift in Sources */,
				83D3063E1C78ABA70056F534 /* ParallaxSprite.swift in Sources */,
			);
			runOnlyForDeploymentPostprocessing = 0;
		};
/* End PBXSourcesBuildPhase section */

/* Begin PBXVariantGroup section */
		83DE095E1C78A0EA002D8A8F /* Main.storyboard */ = {
			isa = PBXVariantGroup;
			children = (
				83DE095F1C78A0EA002D8A8F /* Base */,
			);
			name = Main.storyboard;
			sourceTree = "<group>";
		};
		83DE09631C78A0EA002D8A8F /* LaunchScreen.storyboard */ = {
			isa = PBXVariantGroup;
			children = (
				83DE09641C78A0EA002D8A8F /* Base */,
			);
			name = LaunchScreen.storyboard;
			sourceTree = "<group>";
		};
/* End PBXVariantGroup section */

/* Begin XCBuildConfiguration section */
		83DE09671C78A0EA002D8A8F /* Debug */ = {
			isa = XCBuildConfiguration;
			buildSettings = {
				ALWAYS_SEARCH_USER_PATHS = NO;
				CLANG_CXX_LANGUAGE_STANDARD = "gnu++0x";
				CLANG_CXX_LIBRARY = "libc++";
				CLANG_ENABLE_MODULES = YES;
				CLANG_ENABLE_OBJC_ARC = YES;
				CLANG_WARN_BOOL_CONVERSION = YES;
				CLANG_WARN_CONSTANT_CONVERSION = YES;
				CLANG_WARN_DIRECT_OBJC_ISA_USAGE = YES_ERROR;
				CLANG_WARN_EMPTY_BODY = YES;
				CLANG_WARN_ENUM_CONVERSION = YES;
				CLANG_WARN_INT_CONVERSION = YES;
				CLANG_WARN_OBJC_ROOT_CLASS = YES_ERROR;
				CLANG_WARN_UNREACHABLE_CODE = YES;
				CLANG_WARN__DUPLICATE_METHOD_MATCH = YES;
				"CODE_SIGN_IDENTITY[sdk=iphoneos*]" = "iPhone Developer";
				COPY_PHASE_STRIP = NO;
				DEBUG_INFORMATION_FORMAT = dwarf;
				ENABLE_STRICT_OBJC_MSGSEND = YES;
				ENABLE_TESTABILITY = YES;
				GCC_C_LANGUAGE_STANDARD = gnu99;
				GCC_DYNAMIC_NO_PIC = NO;
				GCC_NO_COMMON_BLOCKS = YES;
				GCC_OPTIMIZATION_LEVEL = 0;
				GCC_PREPROCESSOR_DEFINITIONS = (
					"DEBUG=1",
					"$(inherited)",
				);
				GCC_WARN_64_TO_32_BIT_CONVERSION = YES;
				GCC_WARN_ABOUT_RETURN_TYPE = YES_ERROR;
				GCC_WARN_UNDECLARED_SELECTOR = YES;
				GCC_WARN_UNINITIALIZED_AUTOS = YES_AGGRESSIVE;
				GCC_WARN_UNUSED_FUNCTION = YES;
				GCC_WARN_UNUSED_VARIABLE = YES;
				IPHONEOS_DEPLOYMENT_TARGET = 9.2;
				MTL_ENABLE_DEBUG_INFO = YES;
				ONLY_ACTIVE_ARCH = YES;
				SDKROOT = iphoneos;
				SWIFT_OPTIMIZATION_LEVEL = "-Onone";
				TARGETED_DEVICE_FAMILY = "1,2";
			};
			name = Debug;
		};
		83DE09681C78A0EA002D8A8F /* Release */ = {
			isa = XCBuildConfiguration;
			buildSettings = {
				ALWAYS_SEARCH_USER_PATHS = NO;
				CLANG_CXX_LANGUAGE_STANDARD = "gnu++0x";
				CLANG_CXX_LIBRARY = "libc++";
				CLANG_ENABLE_MODULES = YES;
				CLANG_ENABLE_OBJC_ARC = YES;
				CLANG_WARN_BOOL_CONVERSION = YES;
				CLANG_WARN_CONSTANT_CONVERSION = YES;
				CLANG_WARN_DIRECT_OBJC_ISA_USAGE = YES_ERROR;
				CLANG_WARN_EMPTY_BODY = YES;
				CLANG_WARN_ENUM_CONVERSION = YES;
				CLANG_WARN_INT_CONVERSION = YES;
				CLANG_WARN_OBJC_ROOT_CLASS = YES_ERROR;
				CLANG_WARN_UNREACHABLE_CODE = YES;
				CLANG_WARN__DUPLICATE_METHOD_MATCH = YES;
				"CODE_SIGN_IDENTITY[sdk=iphoneos*]" = "iPhone Developer";
				COPY_PHASE_STRIP = NO;
				DEBUG_INFORMATION_FORMAT = "dwarf-with-dsym";
				ENABLE_NS_ASSERTIONS = NO;
				ENABLE_STRICT_OBJC_MSGSEND = YES;
				GCC_C_LANGUAGE_STANDARD = gnu99;
				GCC_NO_COMMON_BLOCKS = YES;
				GCC_WARN_64_TO_32_BIT_CONVERSION = YES;
				GCC_WARN_ABOUT_RETURN_TYPE = YES_ERROR;
				GCC_WARN_UNDECLARED_SELECTOR = YES;
				GCC_WARN_UNINITIALIZED_AUTOS = YES_AGGRESSIVE;
				GCC_WARN_UNUSED_FUNCTION = YES;
				GCC_WARN_UNUSED_VARIABLE = YES;
				IPHONEOS_DEPLOYMENT_TARGET = 9.2;
				MTL_ENABLE_DEBUG_INFO = NO;
				SDKROOT = iphoneos;
				TARGETED_DEVICE_FAMILY = "1,2";
				VALIDATE_PRODUCT = YES;
			};
			name = Release;
		};
		83DE096A1C78A0EA002D8A8F /* Debug */ = {
			isa = XCBuildConfiguration;
			buildSettings = {
				ASSETCATALOG_COMPILER_APPICON_NAME = AppIcon;
				CODE_SIGN_IDENTITY = "iPhone Developer";
				INFOPLIST_FILE = ParallaxBG/Info.plist;
				IPHONEOS_DEPLOYMENT_TARGET = 9.0;
				LD_RUNPATH_SEARCH_PATHS = "$(inherited) @executable_path/Frameworks";
				PRODUCT_BUNDLE_IDENTIFIER = com.2dsquirrel.apps.ParallaxBG;
				PRODUCT_NAME = "$(TARGET_NAME)";
			};
			name = Debug;
		};
		83DE096B1C78A0EA002D8A8F /* Release */ = {
			isa = XCBuildConfiguration;
			buildSettings = {
				ASSETCATALOG_COMPILER_APPICON_NAME = AppIcon;
				CODE_SIGN_IDENTITY = "iPhone Developer";
				INFOPLIST_FILE = ParallaxBG/Info.plist;
				IPHONEOS_DEPLOYMENT_TARGET = 9.0;
				LD_RUNPATH_SEARCH_PATHS = "$(inherited) @executable_path/Frameworks";
				PRODUCT_BUNDLE_IDENTIFIER = com.2dsquirrel.apps.ParallaxBG;
				PRODUCT_NAME = "$(TARGET_NAME)";
			};
			name = Release;
		};
/* End XCBuildConfiguration section */

/* Begin XCConfigurationList section */
		83DE09521C78A0EA002D8A8F /* Build configuration list for PBXProject "ParallaxBG" */ = {
			isa = XCConfigurationList;
			buildConfigurations = (
				83DE09671C78A0EA002D8A8F /* Debug */,
				83DE09681C78A0EA002D8A8F /* Release */,
			);
			defaultConfigurationIsVisible = 0;
			defaultConfigurationName = Release;
		};
		83DE09691C78A0EA002D8A8F /* Build configuration list for PBXNativeTarget "ParallaxBG" */ = {
			isa = XCConfigurationList;
			buildConfigurations = (
				83DE096A1C78A0EA002D8A8F /* Debug */,
				83DE096B1C78A0EA002D8A8F /* Release */,
			);
			defaultConfigurationIsVisible = 0;
			defaultConfigurationName = Release;
		};
/* End XCConfigurationList section */
	};
	rootObject = 83DE094F1C78A0EA002D8A8F /* Project object */;
}
